
Microsoft Visual Studio Solution File, Format Version 12.00
# Visual Studio Version 17
VisualStudioVersion = 17.4.33122.133
MinimumVisualStudioVersion = 10.0.40219.1
Project("{FAE04EC0-301F-11D3-BF4B-00C04F79EFBC}") = "Demo_API_NET5", "Demo_API_NET5\Demo_API_NET5.csproj", "{6122FD7F-7732-4279-999F-04ED36AE7DC8}"
EndProject
Global
	GlobalSection(SolutionConfigurationPlatforms) = preSolution
		Debug|Any CPU = Debug|Any CPU
		Release|Any CPU = Release|Any CPU
	EndGlobalSection
	GlobalSection(ProjectConfigurationPlatforms) = postSolution
		{6122FD7F-7732-4279-999F-04ED36AE7DC8}.Debug|Any CPU.ActiveCfg = Debug|Any CPU
		{6122FD7F-7732-4279-999F-04ED36AE7DC8}.Debug|Any CPU.Build.0 = Debug|Any CPU
		{6122FD7F-7732-4279-999F-04ED36AE7DC8}.Release|Any CPU.ActiveCfg = Release|Any CPU
		{6122FD7F-7732-4279-999F-04ED36AE7DC8}.Release|Any CPU.Build.0 = Release|Any CPU
	EndGlobalSection
	GlobalSection(SolutionProperties) = preSolution
		HideSolutionNode = FALSE
	EndGlobalSection
	GlobalSection(ExtensibilityGlobals) = postSolution
		SolutionGuid = {400FAF27-3E78-4E43-82AD-72DB0FE1FF3E}
	EndGlobalSection
EndGlobal
